
Microsoft Visual Studio Solution File, Format Version 12.00
# Visual Studio 15
VisualStudioVersion = 15.0.27520.0
MinimumVisualStudioVersion = 10.0.40219.1
Project("{9A19103F-16F7-4668-BE54-9A1E7A4F7556}") = "TransportMe.API", "src\TransportMe.API\TransportMe.API.csproj", "{F8BE7E05-98F5-47FB-8CE8-A30CE703B767}"
EndProject
Project("{FAE04EC0-301F-11D3-BF4B-00C04F79EFBC}") = "TransportMe.API.Tests.UnitTests", "test\TransportMe.API.Tests.UnitTests\TransportMe.API.Tests.UnitTests.csproj", "{A7F9C1CB-AA49-4FEB-9878-4A8BA42692D9}"
EndProject
Global
	GlobalSection(SolutionConfigurationPlatforms) = preSolution
		Debug|Any CPU = Debug|Any CPU
		Release|Any CPU = Release|Any CPU
	EndGlobalSection
	GlobalSection(ProjectConfigurationPlatforms) = postSolution
		{F8BE7E05-98F5-47FB-8CE8-A30CE703B767}.Debug|Any CPU.ActiveCfg = Debug|Any CPU
		{F8BE7E05-98F5-47FB-8CE8-A30CE703B767}.Debug|Any CPU.Build.0 = Debug|Any CPU
		{F8BE7E05-98F5-47FB-8CE8-A30CE703B767}.Release|Any CPU.ActiveCfg = Release|Any CPU
		{F8BE7E05-98F5-47FB-8CE8-A30CE703B767}.Release|Any CPU.Build.0 = Release|Any CPU
		{A7F9C1CB-AA49-4FEB-9878-4A8BA42692D9}.Debug|Any CPU.ActiveCfg = Debug|Any CPU
		{A7F9C1CB-AA49-4FEB-9878-4A8BA42692D9}.Debug|Any CPU.Build.0 = Debug|Any CPU
		{A7F9C1CB-AA49-4FEB-9878-4A8BA42692D9}.Release|Any CPU.ActiveCfg = Release|Any CPU
		{A7F9C1CB-AA49-4FEB-9878-4A8BA42692D9}.Release|Any CPU.Build.0 = Release|Any CPU
	EndGlobalSection
	GlobalSection(SolutionProperties) = preSolution
		HideSolutionNode = FALSE
	EndGlobalSection
	GlobalSection(ExtensibilityGlobals) = postSolution
		SolutionGuid = {BB7CA170-5520-4E3C-B0DE-FF715905C32B}
	EndGlobalSection
EndGlobal
